
Microsoft Visual Studio Solution File, Format Version 12.00
# Visual Studio Version 17
VisualStudioVersion = 17.9.34728.123
MinimumVisualStudioVersion = 10.0.40219.1
Project("{FAE04EC0-301F-11D3-BF4B-00C04F79EFBC}") = "NetCoreWithKendoUIForJQuery", "NetCoreWithKendoUIForJQuery\NetCoreWithKendoUIForJQuery.csproj", "{61A57130-6126-4D2D-A0FA-99DBC2F35931}"
EndProject
Global
	GlobalSection(SolutionConfigurationPlatforms) = preSolution
		Debug|Any CPU = Debug|Any CPU
		Release|Any CPU = Release|Any CPU
	EndGlobalSection
	GlobalSection(ProjectConfigurationPlatforms) = postSolution
		{61A57130-6126-4D2D-A0FA-99DBC2F35931}.Debug|Any CPU.ActiveCfg = Debug|Any CPU
		{61A57130-6126-4D2D-A0FA-99DBC2F35931}.Debug|Any CPU.Build.0 = Debug|Any CPU
		{61A57130-6126-4D2D-A0FA-99DBC2F35931}.Release|Any CPU.ActiveCfg = Release|Any CPU
		{61A57130-6126-4D2D-A0FA-99DBC2F35931}.Release|Any CPU.Build.0 = Release|Any CPU
	EndGlobalSection
	GlobalSection(SolutionProperties) = preSolution
		HideSolutionNode = FALSE
	EndGlobalSection
	GlobalSection(ExtensibilityGlobals) = postSolution
		SolutionGuid = {A5CBCC30-C795-43E1-9594-7D9AA405C8C8}
	EndGlobalSection
EndGlobal
